context:
  section:
    title: Planning and building control
    specific:
      featured_pages:
        - page:
            title: Planning applications
        - page:
            title: Local development plans
        - page:
            title: Planning enforcement

tags:
  pageurl:
    page:
      raw: '#'
    section:
      raw: '#'
