context:
  value:
    title: Stub content
    summary: Check out our awesome stub content
    link:
      - block_type: external_link
        value:
          title: View plans for the new centre
          url: '#'
      - block_type: internal_link
        value:
          page:
            title: Participate in the conversation
