context:
  value: '<div class="rich-text"><h3>This is a heading</h3><p class="big-text">42 units</p><p>Lorem ipsum dolor sit amet, consectetur adipiscing elit. Etiam magna justo, sollicitudin sit amet laoreet id, sodales vel metus. Etiam bibendum, augue in porta ultricies, elit sapien fringilla nisl, sit amet fermentum ligula augue nec sapien. Aliquam eu aliquet metus. Donec quis dolor at tellus viverra molestie.</p></div>'
