context:
  value:
    alt_text: Some alt
    caption: Some caption

tags:
  image:
    value.image width-650 as desktop_image:
      target_var: desktop_image
      raw:
        url: https://placekitten.com/g/650/400
    value.image width-400 as mobile_image:
      target_var: mobile_image
      raw:
        url: https://placekitten.com/g/400/200
    value.image width-1300 as retina_desktop_image:
      target_var: retina_desktop_image
      raw:
        url: https://placekitten.com/g/13000/800
    value.image width-800 as retina_mobile_image:
      target_var: retina_mobile_image
      raw:
        url: https://placekitten.com/g/800/400
